{
  "originHash" : "9180f4a3462058dfdf20116b74e51a8b54161f6296d5187acb1e34b30a586030",
  "pins" : [
    {
      "identity" : "cast",
      "kind" : "remoteSourceControl",
      "location" : "https://github.com/Catterwaul/Cast",
      "state" : {
        "branch" : "main",
        "revision" : "3161cce82ef7557fcad36dad0ff4d602d7b35b6d"
      }
    },
    {
      "identity" : "swift-docc-plugin",
      "kind" : "remoteSourceControl",
      "location" : "https://github.com/swiftlang/swift-docc-plugin",
      "state" : {
        "branch" : "main",
        "revision" : "3aad4aabc42835f09f600bb17070f6a11bc84180"
      }
    },
    {
      "identity" : "swift-docc-symbolkit",
      "kind" : "remoteSourceControl",
      "location" : "https://github.com/apple/swift-docc-symbolkit",
      "state" : {
        "revision" : "b45d1f2ed151d057b54504d653e0da5552844e34",
        "version" : "1.0.0"
      }
    }
  ],
  "version" : 3
}
